
Microsoft Visual Studio Solution File, Format Version 12.00
# Visual Studio 15
VisualStudioVersion = 15.0.27004.2010
MinimumVisualStudioVersion = 10.0.40219.1
Project("{FAE04EC0-301F-11D3-BF4B-00C04F79EFBC}") = "Maps", "Maps\Maps.csproj", "{0470ADA9-C633-4E05-B40A-8A580A59CB13}"
EndProject
Project("{FAE04EC0-301F-11D3-BF4B-00C04F79EFBC}") = "MapsTester", "MapsTester\MapsTester.csproj", "{06C0FFAA-79BE-40DE-B378-EBD4A5A5ADCA}"
EndProject
Global
	GlobalSection(SolutionConfigurationPlatforms) = preSolution
		Debug|Any CPU = Debug|Any CPU
		Release|Any CPU = Release|Any CPU
	EndGlobalSection
	GlobalSection(ProjectConfigurationPlatforms) = postSolution
		{0470ADA9-C633-4E05-B40A-8A580A59CB13}.Debug|Any CPU.ActiveCfg = Debug|Any CPU
		{0470ADA9-C633-4E05-B40A-8A580A59CB13}.Debug|Any CPU.Build.0 = Debug|Any CPU
		{0470ADA9-C633-4E05-B40A-8A580A59CB13}.Release|Any CPU.ActiveCfg = Release|Any CPU
		{0470ADA9-C633-4E05-B40A-8A580A59CB13}.Release|Any CPU.Build.0 = Release|Any CPU
		{06C0FFAA-79BE-40DE-B378-EBD4A5A5ADCA}.Debug|Any CPU.ActiveCfg = Debug|Any CPU
		{06C0FFAA-79BE-40DE-B378-EBD4A5A5ADCA}.Debug|Any CPU.Build.0 = Debug|Any CPU
		{06C0FFAA-79BE-40DE-B378-EBD4A5A5ADCA}.Release|Any CPU.ActiveCfg = Release|Any CPU
		{06C0FFAA-79BE-40DE-B378-EBD4A5A5ADCA}.Release|Any CPU.Build.0 = Release|Any CPU
	EndGlobalSection
	GlobalSection(SolutionProperties) = preSolution
		HideSolutionNode = FALSE
	EndGlobalSection
	GlobalSection(ExtensibilityGlobals) = postSolution
		SolutionGuid = {6A7F3FD1-876B-41E2-8985-28E5332F6E21}
	EndGlobalSection
EndGlobal
